
Microsoft Visual Studio Solution File, Format Version 12.00
# Visual Studio Version 17
VisualStudioVersion = 17.0.31903.59
MinimumVisualStudioVersion = 10.0.40219.1
Project("{FAE04EC0-301F-11D3-BF4B-00C04F79EFBC}") = "biscuit-net", "src\biscuit-net.csproj", "{2341D2BA-3F7E-4229-9E7F-C5B6696345B6}"
EndProject
Project("{FAE04EC0-301F-11D3-BF4B-00C04F79EFBC}") = "tests", "tests\tests.csproj", "{05FAD56D-D2FA-412A-81A6-682D0B11AD36}"
EndProject
Project("{FAE04EC0-301F-11D3-BF4B-00C04F79EFBC}") = "proto", "proto\proto.csproj", "{6B8429A9-2111-4AD7-9D81-C405526378FF}"
EndProject
Global
	GlobalSection(SolutionConfigurationPlatforms) = preSolution
		Debug|Any CPU = Debug|Any CPU
		Release|Any CPU = Release|Any CPU
	EndGlobalSection
	GlobalSection(SolutionProperties) = preSolution
		HideSolutionNode = FALSE
	EndGlobalSection
	GlobalSection(ProjectConfigurationPlatforms) = postSolution
		{2341D2BA-3F7E-4229-9E7F-C5B6696345B6}.Debug|Any CPU.ActiveCfg = Debug|Any CPU
		{2341D2BA-3F7E-4229-9E7F-C5B6696345B6}.Debug|Any CPU.Build.0 = Debug|Any CPU
		{2341D2BA-3F7E-4229-9E7F-C5B6696345B6}.Release|Any CPU.ActiveCfg = Release|Any CPU
		{2341D2BA-3F7E-4229-9E7F-C5B6696345B6}.Release|Any CPU.Build.0 = Release|Any CPU
		{05FAD56D-D2FA-412A-81A6-682D0B11AD36}.Debug|Any CPU.ActiveCfg = Debug|Any CPU
		{05FAD56D-D2FA-412A-81A6-682D0B11AD36}.Debug|Any CPU.Build.0 = Debug|Any CPU
		{05FAD56D-D2FA-412A-81A6-682D0B11AD36}.Release|Any CPU.ActiveCfg = Release|Any CPU
		{05FAD56D-D2FA-412A-81A6-682D0B11AD36}.Release|Any CPU.Build.0 = Release|Any CPU
		{6B8429A9-2111-4AD7-9D81-C405526378FF}.Debug|Any CPU.ActiveCfg = Debug|Any CPU
		{6B8429A9-2111-4AD7-9D81-C405526378FF}.Debug|Any CPU.Build.0 = Debug|Any CPU
		{6B8429A9-2111-4AD7-9D81-C405526378FF}.Release|Any CPU.ActiveCfg = Release|Any CPU
		{6B8429A9-2111-4AD7-9D81-C405526378FF}.Release|Any CPU.Build.0 = Release|Any CPU
	EndGlobalSection
EndGlobal
